<?xml version="1.0" encoding="utf-8"?>
<Project ToolsVersion="4.0" xmlns="http://schemas.microsoft.com/developer/msbuild/2003">
  <ItemGroup>
    <ClCompile Include="RenderEngine.cpp">
      <Filter>SourceFiles</Filter>
    </ClCompile>
    <ClCompile Include="Vector3.cpp">
      <Filter>SourceFiles</Filter>
    </ClCompile>
    <ClCompile Include="Triangle.cpp">
      <Filter>SourceFiles\Geometry</Filter>
    </ClCompile>
    <ClCompile Include="Sphere.cpp">
      <Filter>SourceFiles\Geometry</Filter>
    </ClCompile>
    <ClCompile Include="Plane.cpp">
      <Filter>SourceFiles\Geometry</Filter>
    </ClCompile>
    <ClCompile Include="Mesh.cpp">
      <Filter>SourceFiles\Geometry</Filter>
    </ClCompile>
    <ClCompile Include="Geometry.cpp">
      <Filter>SourceFiles\Geometry</Filter>
    </ClCompile>
    <ClCompile Include="Camera.cpp">
      <Filter>SourceFiles\Camera</Filter>
    </ClCompile>
    <ClCompile Include="CameraOrthographic.cpp">
      <Filter>SourceFiles\Camera</Filter>
    </ClCompile>
    <ClCompile Include="ICamera.cpp">
      <Filter>SourceFiles\Camera</Filter>
    </ClCompile>
    <ClCompile Include="Buffer.cpp">
      <Filter>SourceFiles\Rendering</Filter>
    </ClCompile>
    <ClCompile Include="LightIntensity.cpp">
      <Filter>SourceFiles\Rendering</Filter>
    </ClCompile>
    <ClCompile Include="Renderer.cpp">
      <Filter>SourceFiles\Rendering</Filter>
    </ClCompile>
    <ClCompile Include="Ray.cpp">
      <Filter>SourceFiles\Rendering</Filter>
    </ClCompile>
    <ClCompile Include="ParserOBJ.cpp">
      <Filter>SourceFiles</Filter>
    </ClCompile>
    <ClCompile Include="Material.cpp">
      <Filter>SourceFiles</Filter>
    </ClCompile>
    <ClCompile Include="Vector2.cpp">
      <Filter>SourceFiles</Filter>
    </ClCompile>
    <ClCompile Include="Light.cpp">
      <Filter>SourceFiles\Light</Filter>
    </ClCompile>
    <ClCompile Include="PointLight.cpp">
      <Filter>SourceFiles\Light</Filter>
    </ClCompile>
    <ClCompile Include="AmbientLight.cpp">
      <Filter>SourceFiles\Light</Filter>
    </ClCompile>
    <ClCompile Include="Intersection.cpp">
      <Filter>SourceFiles\Rendering</Filter>
    </ClCompile>
    <ClCompile Include="Texture.cpp">
      <Filter>SourceFiles</Filter>
    </ClCompile>
  </ItemGroup>
  <ItemGroup>
    <ClInclude Include="Vector3.h">
      <Filter>HeaderFiles</Filter>
    </ClInclude>
    <ClInclude Include="stb_image_write.h">
      <Filter>HeaderFiles</Filter>
    </ClInclude>
    <ClInclude Include="Sphere.h">
      <Filter>HeaderFiles\Geometry</Filter>
    </ClInclude>
    <ClInclude Include="Mesh.h">
      <Filter>HeaderFiles\Geometry</Filter>
    </ClInclude>
    <ClInclude Include="Triangle.h">
      <Filter>HeaderFiles\Geometry</Filter>
    </ClInclude>
    <ClInclude Include="Geometry.h">
      <Filter>HeaderFiles\Geometry</Filter>
    </ClInclude>
    <ClInclude Include="Plane.h">
      <Filter>HeaderFiles\Geometry</Filter>
    </ClInclude>
    <ClInclude Include="CameraOrthographic.h">
      <Filter>HeaderFiles\Camera</Filter>
    </ClInclude>
    <ClInclude Include="Camera.h">
      <Filter>HeaderFiles\Camera</Filter>
    </ClInclude>
    <ClInclude Include="ICamera.h">
      <Filter>HeaderFiles\Camera</Filter>
    </ClInclude>
    <ClInclude Include="Buffer.h">
      <Filter>HeaderFiles\Rendering</Filter>
    </ClInclude>
    <ClInclude Include="LightIntensity.h">
      <Filter>HeaderFiles\Rendering</Filter>
    </ClInclude>
    <ClInclude Include="Ray.h">
      <Filter>HeaderFiles\Rendering</Filter>
    </ClInclude>
    <ClInclude Include="Renderer.h">
      <Filter>HeaderFiles\Rendering</Filter>
    </ClInclude>
    <ClInclude Include="ParserOBJ.h">
      <Filter>HeaderFiles</Filter>
    </ClInclude>
    <ClInclude Include="Material.h">
      <Filter>HeaderFiles</Filter>
    </ClInclude>
    <ClInclude Include="Vector2.h">
      <Filter>HeaderFiles</Filter>
    </ClInclude>
    <ClInclude Include="Light.h">
      <Filter>HeaderFiles\Light</Filter>
    </ClInclude>
    <ClInclude Include="PointLight.h">
      <Filter>HeaderFiles\Light</Filter>
    </ClInclude>
    <ClInclude Include="AmbientLight.h">
      <Filter>HeaderFiles\Light</Filter>
    </ClInclude>
    <ClInclude Include="Intersection.h">
      <Filter>HeaderFiles\Rendering</Filter>
    </ClInclude>
    <ClInclude Include="Texture.h">
      <Filter>HeaderFiles</Filter>
    </ClInclude>
  </ItemGroup>
  <ItemGroup>
    <Filter Include="SourceFiles">
      <UniqueIdentifier>{ab101344-6a27-4e42-a013-4f3fffc620dd}</UniqueIdentifier>
      <Extensions>cpp;c++</Extensions>
    </Filter>
    <Filter Include="HeaderFiles">
      <UniqueIdentifier>{6311da5c-5c61-4aad-ba85-d1249d2bd1fb}</UniqueIdentifier>
      <Extensions>h;hpp</Extensions>
    </Filter>
    <Filter Include="HeaderFiles\Geometry">
      <UniqueIdentifier>{b904fa63-45f5-4b3e-b5e6-c8d46756c923}</UniqueIdentifier>
    </Filter>
    <Filter Include="HeaderFiles\Camera">
      <UniqueIdentifier>{bdc57f35-4d2c-43f0-bf57-aea5dade730a}</UniqueIdentifier>
    </Filter>
    <Filter Include="HeaderFiles\Rendering">
      <UniqueIdentifier>{541ef09d-70d4-4606-af28-3190b13e6aca}</UniqueIdentifier>
    </Filter>
    <Filter Include="SourceFiles\Geometry">
      <UniqueIdentifier>{21ddcde0-14df-48d0-8d26-b75ec7a3a10b}</UniqueIdentifier>
    </Filter>
    <Filter Include="SourceFiles\Camera">
      <UniqueIdentifier>{ced2576d-783b-46d9-b573-0fb6d36ab800}</UniqueIdentifier>
    </Filter>
    <Filter Include="SourceFiles\Rendering">
      <UniqueIdentifier>{baf168c1-1e8e-4a58-9681-c172f1e507c0}</UniqueIdentifier>
    </Filter>
    <Filter Include="HeaderFiles\Light">
      <UniqueIdentifier>{09dab3a4-be5d-4f39-b37c-613f28261a3d}</UniqueIdentifier>
    </Filter>
    <Filter Include="SourceFiles\Light">
      <UniqueIdentifier>{1914a4b1-a59e-421d-9ecd-e813a4d7c5bc}</UniqueIdentifier>
    </Filter>
  </ItemGroup>
</Project>