<?xml version="1.0" encoding="utf-8"?>
<Project ToolsVersion="4.0" xmlns="http://schemas.microsoft.com/developer/msbuild/2003">
  <ItemGroup>
    <ClCompile Include="RenderEngine.cpp">
      <Filter>SourceFiles</Filter>
    </ClCompile>
    <ClCompile Include="Geometry.cpp">
      <Filter>SourceFiles</Filter>
    </ClCompile>
    <ClCompile Include="Plane.cpp">
      <Filter>SourceFiles</Filter>
    </ClCompile>
    <ClCompile Include="Ray.cpp">
      <Filter>SourceFiles</Filter>
    </ClCompile>
    <ClCompile Include="Sphere.cpp">
      <Filter>SourceFiles</Filter>
    </ClCompile>
    <ClCompile Include="Vector3.cpp">
      <Filter>SourceFiles</Filter>
    </ClCompile>
    <ClCompile Include="Buffer.cpp">
      <Filter>SourceFiles</Filter>
    </ClCompile>
    <ClCompile Include="Camera.cpp">
      <Filter>SourceFiles</Filter>
    </ClCompile>
    <ClCompile Include="LightIntensity.cpp">
      <Filter>SourceFiles</Filter>
    </ClCompile>
    <ClCompile Include="Renderer.cpp">
      <Filter>SourceFiles</Filter>
    </ClCompile>
    <ClCompile Include="ICamera.cpp">
      <Filter>SourceFiles</Filter>
    </ClCompile>
    <ClCompile Include="CameraOrthographic.cpp">
      <Filter>SourceFiles</Filter>
    </ClCompile>
    <ClCompile Include="Triangle.cpp">
      <Filter>SourceFiles</Filter>
    </ClCompile>
    <ClCompile Include="Mesh.cpp">
      <Filter>SourceFiles</Filter>
    </ClCompile>
  </ItemGroup>
  <ItemGroup>
    <ClInclude Include="Geometry.hpp">
      <Filter>HeaderFiles</Filter>
    </ClInclude>
    <ClInclude Include="Plane.hpp">
      <Filter>HeaderFiles</Filter>
    </ClInclude>
    <ClInclude Include="Ray.hpp">
      <Filter>HeaderFiles</Filter>
    </ClInclude>
    <ClInclude Include="Sphere.hpp">
      <Filter>HeaderFiles</Filter>
    </ClInclude>
    <ClInclude Include="Vector3.hpp">
      <Filter>HeaderFiles</Filter>
    </ClInclude>
    <ClInclude Include="stb_image_write.h">
      <Filter>HeaderFiles</Filter>
    </ClInclude>
    <ClInclude Include="Buffer.hpp">
      <Filter>HeaderFiles</Filter>
    </ClInclude>
    <ClInclude Include="Camera.hpp">
      <Filter>HeaderFiles</Filter>
    </ClInclude>
    <ClInclude Include="Renderer.hpp">
      <Filter>HeaderFiles</Filter>
    </ClInclude>
    <ClInclude Include="LightIntensity.hpp">
      <Filter>HeaderFiles</Filter>
    </ClInclude>
    <ClInclude Include="ICamera.hpp">
      <Filter>HeaderFiles</Filter>
    </ClInclude>
    <ClInclude Include="CameraOrthographic.hpp">
      <Filter>HeaderFiles</Filter>
    </ClInclude>
    <ClInclude Include="Triangle.h">
      <Filter>HeaderFiles</Filter>
    </ClInclude>
    <ClInclude Include="Mesh.hpp">
      <Filter>HeaderFiles</Filter>
    </ClInclude>
  </ItemGroup>
  <ItemGroup>
    <Filter Include="SourceFiles">
      <UniqueIdentifier>{ab101344-6a27-4e42-a013-4f3fffc620dd}</UniqueIdentifier>
      <Extensions>cpp;c++</Extensions>
    </Filter>
    <Filter Include="HeaderFiles">
      <UniqueIdentifier>{6311da5c-5c61-4aad-ba85-d1249d2bd1fb}</UniqueIdentifier>
      <Extensions>h;hpp</Extensions>
    </Filter>
  </ItemGroup>
</Project>